// !$*UTF8*$!
{
	archiveVersion = 1;
	classes = {
	};
	objectVersion = 50;
	objects = {

/* Begin PBXBuildFile section */
		3802577E276FB74A001C190D /* Extensions.swift in Sources */ = {isa = PBXBuildFile; fileRef = 3802577D276FB74A001C190D /* Extensions.swift */; };
		38025783276FD3FE001C190D /* ArithmeticModelTransformingTests.swift in Sources */ = {isa = PBXBuildFile; fileRef = 38025782276FD3FE001C190D /* ArithmeticModelTransformingTests.swift */; };
		38025785276FD432001C190D /* ArithmeticTests.swift in Sources */ = {isa = PBXBuildFile; fileRef = 38025784276FD432001C190D /* ArithmeticTests.swift */; };
		38025787276FD4EB001C190D /* Transformer.swift in Sources */ = {isa = PBXBuildFile; fileRef = 38025786276FD4EB001C190D /* Transformer.swift */; };
		3802578E276FDF55001C190D /* CalculatorCoreDataModel.xcdatamodeld in Sources */ = {isa = PBXBuildFile; fileRef = 3802578C276FDF55001C190D /* CalculatorCoreDataModel.xcdatamodeld */; };
		38025791276FDF77001C190D /* CalculatorUserColorThemeCoreDataModel.xcdatamodeld in Sources */ = {isa = PBXBuildFile; fileRef = 3802578F276FDF77001C190D /* CalculatorUserColorThemeCoreDataModel.xcdatamodeld */; };
		382B5D8D276BAE7100E30FA0 /* CalculatorArithmetic.swift in Sources */ = {isa = PBXBuildFile; fileRef = 382B5D8C276BAE7100E30FA0 /* CalculatorArithmetic.swift */; };
		382B5D8F276BAEC700E30FA0 /* ParentheticalExpressionContainer.swift in Sources */ = {isa = PBXBuildFile; fileRef = 382B5D8E276BAEC700E30FA0 /* ParentheticalExpressionContainer.swift */; };
		382B5D91276BAED800E30FA0 /* ParentheticalExpression.swift in Sources */ = {isa = PBXBuildFile; fileRef = 382B5D90276BAED800E30FA0 /* ParentheticalExpression.swift */; };
		382B5D93276BAEEB00E30FA0 /* PrecedenceOperation.swift in Sources */ = {isa = PBXBuildFile; fileRef = 382B5D92276BAEEB00E30FA0 /* PrecedenceOperation.swift */; };
		382B5D95276BAEFD00E30FA0 /* DoubleNumber.swift in Sources */ = {isa = PBXBuildFile; fileRef = 382B5D94276BAEFD00E30FA0 /* DoubleNumber.swift */; };
		382B5D97276BAF0A00E30FA0 /* FunctionOneInput.swift in Sources */ = {isa = PBXBuildFile; fileRef = 382B5D96276BAF0A00E30FA0 /* FunctionOneInput.swift */; };
		382B5D99276BAF1700E30FA0 /* FunctionTwoInputs.swift in Sources */ = {isa = PBXBuildFile; fileRef = 382B5D98276BAF1600E30FA0 /* FunctionTwoInputs.swift */; };
		382B5D9B276BAF2800E30FA0 /* MutableNumber.swift in Sources */ = {isa = PBXBuildFile; fileRef = 382B5D9A276BAF2800E30FA0 /* MutableNumber.swift */; };
		382B5D9D276BAF3500E30FA0 /* TrigonometricFunction.swift in Sources */ = {isa = PBXBuildFile; fileRef = 382B5D9C276BAF3500E30FA0 /* TrigonometricFunction.swift */; };
		382B5D9F276BAF4000E30FA0 /* MemoryRecall.swift in Sources */ = {isa = PBXBuildFile; fileRef = 382B5D9E276BAF4000E30FA0 /* MemoryRecall.swift */; };
		382B5DA1276BAF5E00E30FA0 /* PercentageFunction.swift in Sources */ = {isa = PBXBuildFile; fileRef = 382B5DA0276BAF5E00E30FA0 /* PercentageFunction.swift */; };
		382B5DA3276BAF7200E30FA0 /* CalculatorResult.swift in Sources */ = {isa = PBXBuildFile; fileRef = 382B5DA2276BAF7200E30FA0 /* CalculatorResult.swift */; };
		382B5DAE276BB09300E30FA0 /* CalculatorSettings.swift in Sources */ = {isa = PBXBuildFile; fileRef = 382B5DAD276BB09300E30FA0 /* CalculatorSettings.swift */; };
		382B5DB0276BB0D300E30FA0 /* CalculatorFunctionKeyboard.swift in Sources */ = {isa = PBXBuildFile; fileRef = 382B5DAF276BB0D300E30FA0 /* CalculatorFunctionKeyboard.swift */; };
		382B5DB2276BB0DE00E30FA0 /* CalculatorDisplay.swift in Sources */ = {isa = PBXBuildFile; fileRef = 382B5DB1276BB0DE00E30FA0 /* CalculatorDisplay.swift */; };
		382B5DB6276BC09300E30FA0 /* TermProtocol.swift in Sources */ = {isa = PBXBuildFile; fileRef = 382B5DB5276BC09300E30FA0 /* TermProtocol.swift */; };
		382B5DB9276BC2A300E30FA0 /* CalculatorFunction.swift in Sources */ = {isa = PBXBuildFile; fileRef = 382B5DB8276BC2A300E30FA0 /* CalculatorFunction.swift */; };
		382B5DBB276BC6CE00E30FA0 /* CalculatorMode.swift in Sources */ = {isa = PBXBuildFile; fileRef = 382B5DBA276BC6CE00E30FA0 /* CalculatorMode.swift */; };
		38BEE39F2742D4D2008CBC77 /* AppDelegate.swift in Sources */ = {isa = PBXBuildFile; fileRef = 38BEE39E2742D4D2008CBC77 /* AppDelegate.swift */; };
		38BEE3A12742D4D2008CBC77 /* SceneDelegate.swift in Sources */ = {isa = PBXBuildFile; fileRef = 38BEE3A02742D4D2008CBC77 /* SceneDelegate.swift */; };
		38BEE3A82742D4D5008CBC77 /* Assets.xcassets in Resources */ = {isa = PBXBuildFile; fileRef = 38BEE3A72742D4D5008CBC77 /* Assets.xcassets */; };
		38BEE3C22742D945008CBC77 /* SF-Pro-Display-Light.otf in Resources */ = {isa = PBXBuildFile; fileRef = 38BEE3BB2742D940008CBC77 /* SF-Pro-Display-Light.otf */; };
		38BEE3C32742D948008CBC77 /* SF-Pro-Display-Medium.otf in Resources */ = {isa = PBXBuildFile; fileRef = 38BEE3BE2742D940008CBC77 /* SF-Pro-Display-Medium.otf */; };
		38BEE3C42742D94A008CBC77 /* SF-Pro-Display-Regular.otf in Resources */ = {isa = PBXBuildFile; fileRef = 38BEE3BD2742D940008CBC77 /* SF-Pro-Display-Regular.otf */; };
		38BEE3C52742D94D008CBC77 /* SF-Pro-Display-Thin.otf in Resources */ = {isa = PBXBuildFile; fileRef = 38BEE3C02742D941008CBC77 /* SF-Pro-Display-Thin.otf */; };
		38BEE3C62742D94F008CBC77 /* SF-Pro-Text-Light.otf in Resources */ = {isa = PBXBuildFile; fileRef = 38BEE3BA2742D940008CBC77 /* SF-Pro-Text-Light.otf */; };
		38BEE3C72742D951008CBC77 /* SF-Pro-Text-Medium.otf in Resources */ = {isa = PBXBuildFile; fileRef = 38BEE3BC2742D940008CBC77 /* SF-Pro-Text-Medium.otf */; };
		38BEE3C82742D954008CBC77 /* SF-Pro-Text-Regular.otf in Resources */ = {isa = PBXBuildFile; fileRef = 38BEE3C12742D941008CBC77 /* SF-Pro-Text-Regular.otf */; };
		38BEE3C92742D957008CBC77 /* SF-Pro-Text-Thin.otf in Resources */ = {isa = PBXBuildFile; fileRef = 38BEE3BF2742D940008CBC77 /* SF-Pro-Text-Thin.otf */; };
		38BEE4012745DDAF008CBC77 /* UITests.swift in Sources */ = {isa = PBXBuildFile; fileRef = 38BEE4002745DDAF008CBC77 /* UITests.swift */; };
		38BEE4192745E520008CBC77 /* Calculator.swift in Sources */ = {isa = PBXBuildFile; fileRef = 38BEE4182745E520008CBC77 /* Calculator.swift */; };
		38BEE41B2745E57E008CBC77 /* CalculatorColorTheme.swift in Sources */ = {isa = PBXBuildFile; fileRef = 38BEE41A2745E57E008CBC77 /* CalculatorColorTheme.swift */; };
/* End PBXBuildFile section */

/* Begin PBXContainerItemProxy section */
		38BEE3F52745DD8E008CBC77 /* PBXContainerItemProxy */ = {
			isa = PBXContainerItemProxy;
			containerPortal = 38BEE3932742D4D2008CBC77 /* Project object */;
			proxyType = 1;
			remoteGlobalIDString = 38BEE39A2742D4D2008CBC77;
			remoteInfo = iPhoneCalculatorRebuild3.0;
		};
		38BEE4032745DDAF008CBC77 /* PBXContainerItemProxy */ = {
			isa = PBXContainerItemProxy;
			containerPortal = 38BEE3932742D4D2008CBC77 /* Project object */;
			proxyType = 1;
			remoteGlobalIDString = 38BEE39A2742D4D2008CBC77;
			remoteInfo = iPhoneCalculatorRebuild3.0;
		};
/* End PBXContainerItemProxy section */

/* Begin PBXFileReference section */
		3802577D276FB74A001C190D /* Extensions.swift */ = {isa = PBXFileReference; lastKnownFileType = sourcecode.swift; path = Extensions.swift; sourceTree = "<group>"; };
		38025782276FD3FE001C190D /* ArithmeticModelTransformingTests.swift */ = {isa = PBXFileReference; lastKnownFileType = sourcecode.swift; path = ArithmeticModelTransformingTests.swift; sourceTree = "<group>"; };
		38025784276FD432001C190D /* ArithmeticTests.swift */ = {isa = PBXFileReference; lastKnownFileType = sourcecode.swift; path = ArithmeticTests.swift; sourceTree = "<group>"; };
		38025786276FD4EB001C190D /* Transformer.swift */ = {isa = PBXFileReference; lastKnownFileType = sourcecode.swift; path = Transformer.swift; sourceTree = "<group>"; };
		3802578D276FDF55001C190D /* CalculatorCoreDataModel.xcdatamodel */ = {isa = PBXFileReference; lastKnownFileType = wrapper.xcdatamodel; path = CalculatorCoreDataModel.xcdatamodel; sourceTree = "<group>"; };
		38025790276FDF77001C190D /* CalculatorUserColorThemeCoreDataModel.xcdatamodel */ = {isa = PBXFileReference; lastKnownFileType = wrapper.xcdatamodel; path = CalculatorUserColorThemeCoreDataModel.xcdatamodel; sourceTree = "<group>"; };
		382B5D8C276BAE7100E30FA0 /* CalculatorArithmetic.swift */ = {isa = PBXFileReference; lastKnownFileType = sourcecode.swift; path = CalculatorArithmetic.swift; sourceTree = "<group>"; };
		382B5D8E276BAEC700E30FA0 /* ParentheticalExpressionContainer.swift */ = {isa = PBXFileReference; lastKnownFileType = sourcecode.swift; path = ParentheticalExpressionContainer.swift; sourceTree = "<group>"; };
		382B5D90276BAED800E30FA0 /* ParentheticalExpression.swift */ = {isa = PBXFileReference; lastKnownFileType = sourcecode.swift; path = ParentheticalExpression.swift; sourceTree = "<group>"; };
		382B5D92276BAEEB00E30FA0 /* PrecedenceOperation.swift */ = {isa = PBXFileReference; lastKnownFileType = sourcecode.swift; path = PrecedenceOperation.swift; sourceTree = "<group>"; };
		382B5D94276BAEFD00E30FA0 /* DoubleNumber.swift */ = {isa = PBXFileReference; lastKnownFileType = sourcecode.swift; path = DoubleNumber.swift; sourceTree = "<group>"; };
		382B5D96276BAF0A00E30FA0 /* FunctionOneInput.swift */ = {isa = PBXFileReference; lastKnownFileType = sourcecode.swift; path = FunctionOneInput.swift; sourceTree = "<group>"; };
		382B5D98276BAF1600E30FA0 /* FunctionTwoInputs.swift */ = {isa = PBXFileReference; lastKnownFileType = sourcecode.swift; path = FunctionTwoInputs.swift; sourceTree = "<group>"; };
		382B5D9A276BAF2800E30FA0 /* MutableNumber.swift */ = {isa = PBXFileReference; lastKnownFileType = sourcecode.swift; path = MutableNumber.swift; sourceTree = "<group>"; };
		382B5D9C276BAF3500E30FA0 /* TrigonometricFunction.swift */ = {isa = PBXFileReference; lastKnownFileType = sourcecode.swift; path = TrigonometricFunction.swift; sourceTree = "<group>"; };
		382B5D9E276BAF4000E30FA0 /* MemoryRecall.swift */ = {isa = PBXFileReference; lastKnownFileType = sourcecode.swift; path = MemoryRecall.swift; sourceTree = "<group>"; };
		382B5DA0276BAF5E00E30FA0 /* PercentageFunction.swift */ = {isa = PBXFileReference; lastKnownFileType = sourcecode.swift; path = PercentageFunction.swift; sourceTree = "<group>"; };
		382B5DA2276BAF7200E30FA0 /* CalculatorResult.swift */ = {isa = PBXFileReference; lastKnownFileType = sourcecode.swift; path = CalculatorResult.swift; sourceTree = "<group>"; };
		382B5DAD276BB09300E30FA0 /* CalculatorSettings.swift */ = {isa = PBXFileReference; lastKnownFileType = sourcecode.swift; path = CalculatorSettings.swift; sourceTree = "<group>"; };
		382B5DAF276BB0D300E30FA0 /* CalculatorFunctionKeyboard.swift */ = {isa = PBXFileReference; lastKnownFileType = sourcecode.swift; path = CalculatorFunctionKeyboard.swift; sourceTree = "<group>"; };
		382B5DB1276BB0DE00E30FA0 /* CalculatorDisplay.swift */ = {isa = PBXFileReference; lastKnownFileType = sourcecode.swift; path = CalculatorDisplay.swift; sourceTree = "<group>"; };
		382B5DB5276BC09300E30FA0 /* TermProtocol.swift */ = {isa = PBXFileReference; lastKnownFileType = sourcecode.swift; path = TermProtocol.swift; sourceTree = "<group>"; };
		382B5DB8276BC2A300E30FA0 /* CalculatorFunction.swift */ = {isa = PBXFileReference; lastKnownFileType = sourcecode.swift; path = CalculatorFunction.swift; sourceTree = "<group>"; };
		382B5DBA276BC6CE00E30FA0 /* CalculatorMode.swift */ = {isa = PBXFileReference; lastKnownFileType = sourcecode.swift; path = CalculatorMode.swift; sourceTree = "<group>"; };
		38BEE39B2742D4D2008CBC77 /* iPhoneCalculatorRebuild3.0.app */ = {isa = PBXFileReference; explicitFileType = wrapper.application; includeInIndex = 0; path = iPhoneCalculatorRebuild3.0.app; sourceTree = BUILT_PRODUCTS_DIR; };
		38BEE39E2742D4D2008CBC77 /* AppDelegate.swift */ = {isa = PBXFileReference; lastKnownFileType = sourcecode.swift; path = AppDelegate.swift; sourceTree = "<group>"; };
		38BEE3A02742D4D2008CBC77 /* SceneDelegate.swift */ = {isa = PBXFileReference; lastKnownFileType = sourcecode.swift; path = SceneDelegate.swift; sourceTree = "<group>"; };
		38BEE3A72742D4D5008CBC77 /* Assets.xcassets */ = {isa = PBXFileReference; lastKnownFileType = folder.assetcatalog; path = Assets.xcassets; sourceTree = "<group>"; };
		38BEE3AC2742D4D5008CBC77 /* Info.plist */ = {isa = PBXFileReference; lastKnownFileType = text.plist.xml; path = Info.plist; sourceTree = "<group>"; };
		38BEE3BA2742D940008CBC77 /* SF-Pro-Text-Light.otf */ = {isa = PBXFileReference; lastKnownFileType = file; path = "SF-Pro-Text-Light.otf"; sourceTree = "<group>"; };
		38BEE3BB2742D940008CBC77 /* SF-Pro-Display-Light.otf */ = {isa = PBXFileReference; lastKnownFileType = file; path = "SF-Pro-Display-Light.otf"; sourceTree = "<group>"; };
		38BEE3BC2742D940008CBC77 /* SF-Pro-Text-Medium.otf */ = {isa = PBXFileReference; lastKnownFileType = file; path = "SF-Pro-Text-Medium.otf"; sourceTree = "<group>"; };
		38BEE3BD2742D940008CBC77 /* SF-Pro-Display-Regular.otf */ = {isa = PBXFileReference; lastKnownFileType = file; path = "SF-Pro-Display-Regular.otf"; sourceTree = "<group>"; };
		38BEE3BE2742D940008CBC77 /* SF-Pro-Display-Medium.otf */ = {isa = PBXFileReference; lastKnownFileType = file; path = "SF-Pro-Display-Medium.otf"; sourceTree = "<group>"; };
		38BEE3BF2742D940008CBC77 /* SF-Pro-Text-Thin.otf */ = {isa = PBXFileReference; lastKnownFileType = file; path = "SF-Pro-Text-Thin.otf"; sourceTree = "<group>"; };
		38BEE3C02742D941008CBC77 /* SF-Pro-Display-Thin.otf */ = {isa = PBXFileReference; lastKnownFileType = file; path = "SF-Pro-Display-Thin.otf"; sourceTree = "<group>"; };
		38BEE3C12742D941008CBC77 /* SF-Pro-Text-Regular.otf */ = {isa = PBXFileReference; lastKnownFileType = file; path = "SF-Pro-Text-Regular.otf"; sourceTree = "<group>"; };
		38BEE3F02745DD8E008CBC77 /* UnitTests.xctest */ = {isa = PBXFileReference; explicitFileType = wrapper.cfbundle; includeInIndex = 0; path = UnitTests.xctest; sourceTree = BUILT_PRODUCTS_DIR; };
		38BEE3F42745DD8E008CBC77 /* Info.plist */ = {isa = PBXFileReference; lastKnownFileType = text.plist.xml; path = Info.plist; sourceTree = "<group>"; };
		38BEE3FE2745DDAF008CBC77 /* UITests.xctest */ = {isa = PBXFileReference; explicitFileType = wrapper.cfbundle; includeInIndex = 0; path = UITests.xctest; sourceTree = BUILT_PRODUCTS_DIR; };
		38BEE4002745DDAF008CBC77 /* UITests.swift */ = {isa = PBXFileReference; lastKnownFileType = sourcecode.swift; path = UITests.swift; sourceTree = "<group>"; };
		38BEE4022745DDAF008CBC77 /* Info.plist */ = {isa = PBXFileReference; lastKnownFileType = text.plist.xml; path = Info.plist; sourceTree = "<group>"; };
		38BEE4182745E520008CBC77 /* Calculator.swift */ = {isa = PBXFileReference; lastKnownFileType = sourcecode.swift; path = Calculator.swift; sourceTree = "<group>"; };
		38BEE41A2745E57E008CBC77 /* CalculatorColorTheme.swift */ = {isa = PBXFileReference; lastKnownFileType = sourcecode.swift; path = CalculatorColorTheme.swift; sourceTree = "<group>"; };
/* End PBXFileReference section */

/* Begin PBXFrameworksBuildPhase section */
		38BEE3982742D4D2008CBC77 /* Frameworks */ = {
			isa = PBXFrameworksBuildPhase;
			buildActionMask = 2147483647;
			files = (
			);
			runOnlyForDeploymentPostprocessing = 0;
		};
		38BEE3ED2745DD8E008CBC77 /* Frameworks */ = {
			isa = PBXFrameworksBuildPhase;
			buildActionMask = 2147483647;
			files = (
			);
			runOnlyForDeploymentPostprocessing = 0;
		};
		38BEE3FB2745DDAF008CBC77 /* Frameworks */ = {
			isa = PBXFrameworksBuildPhase;
			buildActionMask = 2147483647;
			files = (
			);
			runOnlyForDeploymentPostprocessing = 0;
		};
/* End PBXFrameworksBuildPhase section */

/* Begin PBXGroup section */
		38025781276FD3DB001C190D /* Arithmetic */ = {
			isa = PBXGroup;
			children = (
				38025782276FD3FE001C190D /* ArithmeticModelTransformingTests.swift */,
				38025784276FD432001C190D /* ArithmeticTests.swift */,
			);
			path = Arithmetic;
			sourceTree = "<group>";
		};
		38025789276FD7CF001C190D /* Models */ = {
			isa = PBXGroup;
			children = (
				3802578B276FD7DB001C190D /* Not Persisted */,
				3802578A276FD7D4001C190D /* Persisted */,
			);
			path = Models;
			sourceTree = "<group>";
		};
		3802578A276FD7D4001C190D /* Persisted */ = {
			isa = PBXGroup;
			children = (
				38BEE4092745DDDF008CBC77 /* CoreData */,
				38BEE4162745E34D008CBC77 /* Transformer and Transformable  Models */,
			);
			path = Persisted;
			sourceTree = "<group>";
		};
		3802578B276FD7DB001C190D /* Not Persisted */ = {
			isa = PBXGroup;
			children = (
				3802577D276FB74A001C190D /* Extensions.swift */,
				382B5DB8276BC2A300E30FA0 /* CalculatorFunction.swift */,
				382B5DBA276BC6CE00E30FA0 /* CalculatorMode.swift */,
			);
			path = "Not Persisted";
			sourceTree = "<group>";
		};
		382B5D8B276BAE6000E30FA0 /* Arithmetic */ = {
			isa = PBXGroup;
			children = (
				382B5D8C276BAE7100E30FA0 /* CalculatorArithmetic.swift */,
				382B5DA2276BAF7200E30FA0 /* CalculatorResult.swift */,
				382B5D94276BAEFD00E30FA0 /* DoubleNumber.swift */,
				382B5D96276BAF0A00E30FA0 /* FunctionOneInput.swift */,
				382B5D98276BAF1600E30FA0 /* FunctionTwoInputs.swift */,
				382B5D9E276BAF4000E30FA0 /* MemoryRecall.swift */,
				382B5D9A276BAF2800E30FA0 /* MutableNumber.swift */,
				382B5D90276BAED800E30FA0 /* ParentheticalExpression.swift */,
				382B5D8E276BAEC700E30FA0 /* ParentheticalExpressionContainer.swift */,
				382B5DA0276BAF5E00E30FA0 /* PercentageFunction.swift */,
				382B5D92276BAEEB00E30FA0 /* PrecedenceOperation.swift */,
				382B5D9C276BAF3500E30FA0 /* TrigonometricFunction.swift */,
				382B5DB5276BC09300E30FA0 /* TermProtocol.swift */,
			);
			path = Arithmetic;
			sourceTree = "<group>";
		};
		382B5DA5276BB03100E30FA0 /* Settings */ = {
			isa = PBXGroup;
			children = (
				382B5DAD276BB09300E30FA0 /* CalculatorSettings.swift */,
			);
			path = Settings;
			sourceTree = "<group>";
		};
		382B5DA6276BB03900E30FA0 /* ColorTheme */ = {
			isa = PBXGroup;
			children = (
				38BEE41A2745E57E008CBC77 /* CalculatorColorTheme.swift */,
			);
			path = ColorTheme;
			sourceTree = "<group>";
		};
		382B5DA7276BB05000E30FA0 /* Functions */ = {
			isa = PBXGroup;
			children = (
				382B5DAF276BB0D300E30FA0 /* CalculatorFunctionKeyboard.swift */,
			);
			path = Functions;
			sourceTree = "<group>";
		};
		382B5DA8276BB05D00E30FA0 /* Display */ = {
			isa = PBXGroup;
			children = (
				382B5DB1276BB0DE00E30FA0 /* CalculatorDisplay.swift */,
			);
			path = Display;
			sourceTree = "<group>";
		};
		38BEE3922742D4D2008CBC77 = {
			isa = PBXGroup;
			children = (
				38BEE39D2742D4D2008CBC77 /* iPhoneCalculatorRebuild3.0 */,
				38BEE3F12745DD8E008CBC77 /* UnitTests */,
				38BEE3FF2745DDAF008CBC77 /* UITests */,
				38BEE39C2742D4D2008CBC77 /* Products */,
			);
			sourceTree = "<group>";
		};
		38BEE39C2742D4D2008CBC77 /* Products */ = {
			isa = PBXGroup;
			children = (
				38BEE39B2742D4D2008CBC77 /* iPhoneCalculatorRebuild3.0.app */,
				38BEE3F02745DD8E008CBC77 /* UnitTests.xctest */,
				38BEE3FE2745DDAF008CBC77 /* UITests.xctest */,
			);
			name = Products;
			sourceTree = "<group>";
		};
		38BEE39D2742D4D2008CBC77 /* iPhoneCalculatorRebuild3.0 */ = {
			isa = PBXGroup;
			children = (
				38BEE3B62742D6C9008CBC77 /* App Lifecycle */,
				38BEE3B72742D6D6008CBC77 /* Modules */,
				38BEE3B22742D69D008CBC77 /* Resources */,
			);
			path = iPhoneCalculatorRebuild3.0;
			sourceTree = "<group>";
		};
		38BEE3B22742D69D008CBC77 /* Resources */ = {
			isa = PBXGroup;
			children = (
				38BEE3B92742D856008CBC77 /* Font */,
				38BEE3A72742D4D5008CBC77 /* Assets.xcassets */,
				38BEE3AC2742D4D5008CBC77 /* Info.plist */,
			);
			path = Resources;
			sourceTree = "<group>";
		};
		38BEE3B62742D6C9008CBC77 /* App Lifecycle */ = {
			isa = PBXGroup;
			children = (
				38BEE39E2742D4D2008CBC77 /* AppDelegate.swift */,
				38BEE3A02742D4D2008CBC77 /* SceneDelegate.swift */,
			);
			path = "App Lifecycle";
			sourceTree = "<group>";
		};
		38BEE3B72742D6D6008CBC77 /* Modules */ = {
			isa = PBXGroup;
			children = (
				38BEE4082745DDD6008CBC77 /* Common */,
			);
			path = Modules;
			sourceTree = "<group>";
		};
		38BEE3B92742D856008CBC77 /* Font */ = {
			isa = PBXGroup;
			children = (
				38BEE3BB2742D940008CBC77 /* SF-Pro-Display-Light.otf */,
				38BEE3BE2742D940008CBC77 /* SF-Pro-Display-Medium.otf */,
				38BEE3BD2742D940008CBC77 /* SF-Pro-Display-Regular.otf */,
				38BEE3C02742D941008CBC77 /* SF-Pro-Display-Thin.otf */,
				38BEE3BA2742D940008CBC77 /* SF-Pro-Text-Light.otf */,
				38BEE3BC2742D940008CBC77 /* SF-Pro-Text-Medium.otf */,
				38BEE3C12742D941008CBC77 /* SF-Pro-Text-Regular.otf */,
				38BEE3BF2742D940008CBC77 /* SF-Pro-Text-Thin.otf */,
			);
			path = Font;
			sourceTree = "<group>";
		};
		38BEE3F12745DD8E008CBC77 /* UnitTests */ = {
			isa = PBXGroup;
			children = (
				38025781276FD3DB001C190D /* Arithmetic */,
				38BEE3F42745DD8E008CBC77 /* Info.plist */,
			);
			path = UnitTests;
			sourceTree = "<group>";
		};
		38BEE3FF2745DDAF008CBC77 /* UITests */ = {
			isa = PBXGroup;
			children = (
				38BEE4002745DDAF008CBC77 /* UITests.swift */,
				38BEE4022745DDAF008CBC77 /* Info.plist */,
			);
			path = UITests;
			sourceTree = "<group>";
		};
		38BEE4082745DDD6008CBC77 /* Common */ = {
			isa = PBXGroup;
			children = (
				38025789276FD7CF001C190D /* Models */,
				38BEE4132745DE9C008CBC77 /* Data Manager */,
			);
			path = Common;
			sourceTree = "<group>";
		};
		38BEE4092745DDDF008CBC77 /* CoreData */ = {
			isa = PBXGroup;
			children = (
				3802578C276FDF55001C190D /* CalculatorCoreDataModel.xcdatamodeld */,
				3802578F276FDF77001C190D /* CalculatorUserColorThemeCoreDataModel.xcdatamodeld */,
			);
			path = CoreData;
			sourceTree = "<group>";
		};
		38BEE4132745DE9C008CBC77 /* Data Manager */ = {
			isa = PBXGroup;
			children = (
			);
			path = "Data Manager";
			sourceTree = "<group>";
		};
		38BEE4162745E34D008CBC77 /* Transformer and Transformable  Models */ = {
			isa = PBXGroup;
			children = (
				38BEE4182745E520008CBC77 /* Calculator.swift */,
				382B5D8B276BAE6000E30FA0 /* Arithmetic */,
				382B5DA6276BB03900E30FA0 /* ColorTheme */,
				382B5DA8276BB05D00E30FA0 /* Display */,
				382B5DA7276BB05000E30FA0 /* Functions */,
				382B5DA5276BB03100E30FA0 /* Settings */,
				38025786276FD4EB001C190D /* Transformer.swift */,
			);
			path = "Transformer and Transformable  Models";
			sourceTree = "<group>";
		};
/* End PBXGroup section */

/* Begin PBXNativeTarget section */
		38BEE39A2742D4D2008CBC77 /* iPhoneCalculatorRebuild3.0 */ = {
			isa = PBXNativeTarget;
			buildConfigurationList = 38BEE3AF2742D4D5008CBC77 /* Build configuration list for PBXNativeTarget "iPhoneCalculatorRebuild3.0" */;
			buildPhases = (
				38BEE3972742D4D2008CBC77 /* Sources */,
				38BEE3982742D4D2008CBC77 /* Frameworks */,
				38BEE3992742D4D2008CBC77 /* Resources */,
			);
			buildRules = (
			);
			dependencies = (
			);
			name = iPhoneCalculatorRebuild3.0;
			productName = iPhoneCalculatorRebuild3.0;
			productReference = 38BEE39B2742D4D2008CBC77 /* iPhoneCalculatorRebuild3.0.app */;
			productType = "com.apple.product-type.application";
		};
		38BEE3EF2745DD8E008CBC77 /* UnitTests */ = {
			isa = PBXNativeTarget;
			buildConfigurationList = 38BEE3F72745DD8E008CBC77 /* Build configuration list for PBXNativeTarget "UnitTests" */;
			buildPhases = (
				38BEE3EC2745DD8E008CBC77 /* Sources */,
				38BEE3ED2745DD8E008CBC77 /* Frameworks */,
				38BEE3EE2745DD8E008CBC77 /* Resources */,
			);
			buildRules = (
			);
			dependencies = (
				38BEE3F62745DD8E008CBC77 /* PBXTargetDependency */,
			);
			name = UnitTests;
			productName = UnitTests;
			productReference = 38BEE3F02745DD8E008CBC77 /* UnitTests.xctest */;
			productType = "com.apple.product-type.bundle.unit-test";
		};
		38BEE3FD2745DDAF008CBC77 /* UITests */ = {
			isa = PBXNativeTarget;
			buildConfigurationList = 38BEE4052745DDAF008CBC77 /* Build configuration list for PBXNativeTarget "UITests" */;
			buildPhases = (
				38BEE3FA2745DDAF008CBC77 /* Sources */,
				38BEE3FB2745DDAF008CBC77 /* Frameworks */,
				38BEE3FC2745DDAF008CBC77 /* Resources */,
			);
			buildRules = (
			);
			dependencies = (
				38BEE4042745DDAF008CBC77 /* PBXTargetDependency */,
			);
			name = UITests;
			productName = UITests;
			productReference = 38BEE3FE2745DDAF008CBC77 /* UITests.xctest */;
			productType = "com.apple.product-type.bundle.ui-testing";
		};
/* End PBXNativeTarget section */

/* Begin PBXProject section */
		38BEE3932742D4D2008CBC77 /* Project object */ = {
			isa = PBXProject;
			attributes = {
				LastSwiftUpdateCheck = 1250;
				LastUpgradeCheck = 1250;
				TargetAttributes = {
					38BEE39A2742D4D2008CBC77 = {
						CreatedOnToolsVersion = 12.5;
					};
					38BEE3EF2745DD8E008CBC77 = {
						CreatedOnToolsVersion = 12.5;
						TestTargetID = 38BEE39A2742D4D2008CBC77;
					};
					38BEE3FD2745DDAF008CBC77 = {
						CreatedOnToolsVersion = 12.5;
						TestTargetID = 38BEE39A2742D4D2008CBC77;
					};
				};
			};
			buildConfigurationList = 38BEE3962742D4D2008CBC77 /* Build configuration list for PBXProject "iPhoneCalculatorRebuild3.0" */;
			compatibilityVersion = "Xcode 9.3";
			developmentRegion = en;
			hasScannedForEncodings = 0;
			knownRegions = (
				en,
				Base,
			);
			mainGroup = 38BEE3922742D4D2008CBC77;
			productRefGroup = 38BEE39C2742D4D2008CBC77 /* Products */;
			projectDirPath = "";
			projectRoot = "";
			targets = (
				38BEE39A2742D4D2008CBC77 /* iPhoneCalculatorRebuild3.0 */,
				38BEE3EF2745DD8E008CBC77 /* UnitTests */,
				38BEE3FD2745DDAF008CBC77 /* UITests */,
			);
		};
/* End PBXProject section */

/* Begin PBXResourcesBuildPhase section */
		38BEE3992742D4D2008CBC77 /* Resources */ = {
			isa = PBXResourcesBuildPhase;
			buildActionMask = 2147483647;
			files = (
				38BEE3C52742D94D008CBC77 /* SF-Pro-Display-Thin.otf in Resources */,
				38BEE3C32742D948008CBC77 /* SF-Pro-Display-Medium.otf in Resources */,
				38BEE3C62742D94F008CBC77 /* SF-Pro-Text-Light.otf in Resources */,
				38BEE3C22742D945008CBC77 /* SF-Pro-Display-Light.otf in Resources */,
				38BEE3C42742D94A008CBC77 /* SF-Pro-Display-Regular.otf in Resources */,
				38BEE3C72742D951008CBC77 /* SF-Pro-Text-Medium.otf in Resources */,
				38BEE3C82742D954008CBC77 /* SF-Pro-Text-Regular.otf in Resources */,
				38BEE3A82742D4D5008CBC77 /* Assets.xcassets in Resources */,
				38BEE3C92742D957008CBC77 /* SF-Pro-Text-Thin.otf in Resources */,
			);
			runOnlyForDeploymentPostprocessing = 0;
		};
		38BEE3EE2745DD8E008CBC77 /* Resources */ = {
			isa = PBXResourcesBuildPhase;
			buildActionMask = 2147483647;
			files = (
			);
			runOnlyForDeploymentPostprocessing = 0;
		};
		38BEE3FC2745DDAF008CBC77 /* Resources */ = {
			isa = PBXResourcesBuildPhase;
			buildActionMask = 2147483647;
			files = (
			);
			runOnlyForDeploymentPostprocessing = 0;
		};
/* End PBXResourcesBuildPhase section */

/* Begin PBXSourcesBuildPhase section */
		38BEE3972742D4D2008CBC77 /* Sources */ = {
			isa = PBXSourcesBuildPhase;
			buildActionMask = 2147483647;
			files = (
				382B5DBB276BC6CE00E30FA0 /* CalculatorMode.swift in Sources */,
				382B5DAE276BB09300E30FA0 /* CalculatorSettings.swift in Sources */,
				382B5DB2276BB0DE00E30FA0 /* CalculatorDisplay.swift in Sources */,
				38025791276FDF77001C190D /* CalculatorUserColorThemeCoreDataModel.xcdatamodeld in Sources */,
				382B5DB9276BC2A300E30FA0 /* CalculatorFunction.swift in Sources */,
				382B5DB6276BC09300E30FA0 /* TermProtocol.swift in Sources */,
				382B5D8D276BAE7100E30FA0 /* CalculatorArithmetic.swift in Sources */,
				382B5D9D276BAF3500E30FA0 /* TrigonometricFunction.swift in Sources */,
				382B5DA1276BAF5E00E30FA0 /* PercentageFunction.swift in Sources */,
				382B5D93276BAEEB00E30FA0 /* PrecedenceOperation.swift in Sources */,
				38025787276FD4EB001C190D /* Transformer.swift in Sources */,
				382B5D99276BAF1700E30FA0 /* FunctionTwoInputs.swift in Sources */,
				38BEE39F2742D4D2008CBC77 /* AppDelegate.swift in Sources */,
				382B5D95276BAEFD00E30FA0 /* DoubleNumber.swift in Sources */,
				382B5DB0276BB0D300E30FA0 /* CalculatorFunctionKeyboard.swift in Sources */,
				38BEE4192745E520008CBC77 /* Calculator.swift in Sources */,
				38BEE41B2745E57E008CBC77 /* CalculatorColorTheme.swift in Sources */,
				38BEE3A12742D4D2008CBC77 /* SceneDelegate.swift in Sources */,
				382B5DA3276BAF7200E30FA0 /* CalculatorResult.swift in Sources */,
				382B5D9F276BAF4000E30FA0 /* MemoryRecall.swift in Sources */,
				382B5D8F276BAEC700E30FA0 /* ParentheticalExpressionContainer.swift in Sources */,
				3802577E276FB74A001C190D /* Extensions.swift in Sources */,
				382B5D91276BAED800E30FA0 /* ParentheticalExpression.swift in Sources */,
				382B5D9B276BAF2800E30FA0 /* MutableNumber.swift in Sources */,
				3802578E276FDF55001C190D /* CalculatorCoreDataModel.xcdatamodeld in Sources */,
				382B5D97276BAF0A00E30FA0 /* FunctionOneInput.swift in Sources */,
			);
			runOnlyForDeploymentPostprocessing = 0;
		};
		38BEE3EC2745DD8E008CBC77 /* Sources */ = {
			isa = PBXSourcesBuildPhase;
			buildActionMask = 2147483647;
			files = (
				38025783276FD3FE001C190D /* ArithmeticModelTransformingTests.swift in Sources */,
				38025785276FD432001C190D /* ArithmeticTests.swift in Sources */,
			);
			runOnlyForDeploymentPostprocessing = 0;
		};
		38BEE3FA2745DDAF008CBC77 /* Sources */ = {
			isa = PBXSourcesBuildPhase;
			buildActionMask = 2147483647;
			files = (
				38BEE4012745DDAF008CBC77 /* UITests.swift in Sources */,
			);
			runOnlyForDeploymentPostprocessing = 0;
		};
/* End PBXSourcesBuildPhase section */

/* Begin PBXTargetDependency section */
		38BEE3F62745DD8E008CBC77 /* PBXTargetDependency */ = {
			isa = PBXTargetDependency;
			target = 38BEE39A2742D4D2008CBC77 /* iPhoneCalculatorRebuild3.0 */;
			targetProxy = 38BEE3F52745DD8E008CBC77 /* PBXContainerItemProxy */;
		};
		38BEE4042745DDAF008CBC77 /* PBXTargetDependency */ = {
			isa = PBXTargetDependency;
			target = 38BEE39A2742D4D2008CBC77 /* iPhoneCalculatorRebuild3.0 */;
			targetProxy = 38BEE4032745DDAF008CBC77 /* PBXContainerItemProxy */;
		};
/* End PBXTargetDependency section */

/* Begin XCBuildConfiguration section */
		38BEE3AD2742D4D5008CBC77 /* Debug */ = {
			isa = XCBuildConfiguration;
			buildSettings = {
				ALWAYS_SEARCH_USER_PATHS = NO;
				CLANG_ANALYZER_NONNULL = YES;
				CLANG_ANALYZER_NUMBER_OBJECT_CONVERSION = YES_AGGRESSIVE;
				CLANG_CXX_LANGUAGE_STANDARD = "gnu++14";
				CLANG_CXX_LIBRARY = "libc++";
				CLANG_ENABLE_MODULES = YES;
				CLANG_ENABLE_OBJC_ARC = YES;
				CLANG_ENABLE_OBJC_WEAK = YES;
				CLANG_WARN_BLOCK_CAPTURE_AUTORELEASING = YES;
				CLANG_WARN_BOOL_CONVERSION = YES;
				CLANG_WARN_COMMA = YES;
				CLANG_WARN_CONSTANT_CONVERSION = YES;
				CLANG_WARN_DEPRECATED_OBJC_IMPLEMENTATIONS = YES;
				CLANG_WARN_DIRECT_OBJC_ISA_USAGE = YES_ERROR;
				CLANG_WARN_DOCUMENTATION_COMMENTS = YES;
				CLANG_WARN_EMPTY_BODY = YES;
				CLANG_WARN_ENUM_CONVERSION = YES;
				CLANG_WARN_INFINITE_RECURSION = YES;
				CLANG_WARN_INT_CONVERSION = YES;
				CLANG_WARN_NON_LITERAL_NULL_CONVERSION = YES;
				CLANG_WARN_OBJC_IMPLICIT_RETAIN_SELF = YES;
				CLANG_WARN_OBJC_LITERAL_CONVERSION = YES;
				CLANG_WARN_OBJC_ROOT_CLASS = YES_ERROR;
				CLANG_WARN_QUOTED_INCLUDE_IN_FRAMEWORK_HEADER = YES;
				CLANG_WARN_RANGE_LOOP_ANALYSIS = YES;
				CLANG_WARN_STRICT_PROTOTYPES = YES;
				CLANG_WARN_SUSPICIOUS_MOVE = YES;
				CLANG_WARN_UNGUARDED_AVAILABILITY = YES_AGGRESSIVE;
				CLANG_WARN_UNREACHABLE_CODE = YES;
				CLANG_WARN__DUPLICATE_METHOD_MATCH = YES;
				COPY_PHASE_STRIP = NO;
				DEBUG_INFORMATION_FORMAT = dwarf;
				ENABLE_STRICT_OBJC_MSGSEND = YES;
				ENABLE_TESTABILITY = YES;
				GCC_C_LANGUAGE_STANDARD = gnu11;
				GCC_DYNAMIC_NO_PIC = NO;
				GCC_NO_COMMON_BLOCKS = YES;
				GCC_OPTIMIZATION_LEVEL = 0;
				GCC_PREPROCESSOR_DEFINITIONS = (
					"DEBUG=1",
					"$(inherited)",
				);
				GCC_WARN_64_TO_32_BIT_CONVERSION = YES;
				GCC_WARN_ABOUT_RETURN_TYPE = YES_ERROR;
				GCC_WARN_UNDECLARED_SELECTOR = YES;
				GCC_WARN_UNINITIALIZED_AUTOS = YES_AGGRESSIVE;
				GCC_WARN_UNUSED_FUNCTION = YES;
				GCC_WARN_UNUSED_VARIABLE = YES;
				IPHONEOS_DEPLOYMENT_TARGET = 14.5;
				MTL_ENABLE_DEBUG_INFO = INCLUDE_SOURCE;
				MTL_FAST_MATH = YES;
				ONLY_ACTIVE_ARCH = YES;
				SDKROOT = iphoneos;
				SWIFT_ACTIVE_COMPILATION_CONDITIONS = DEBUG;
				SWIFT_OPTIMIZATION_LEVEL = "-Onone";
			};
			name = Debug;
		};
		38BEE3AE2742D4D5008CBC77 /* Release */ = {
			isa = XCBuildConfiguration;
			buildSettings = {
				ALWAYS_SEARCH_USER_PATHS = NO;
				CLANG_ANALYZER_NONNULL = YES;
				CLANG_ANALYZER_NUMBER_OBJECT_CONVERSION = YES_AGGRESSIVE;
				CLANG_CXX_LANGUAGE_STANDARD = "gnu++14";
				CLANG_CXX_LIBRARY = "libc++";
				CLANG_ENABLE_MODULES = YES;
				CLANG_ENABLE_OBJC_ARC = YES;
				CLANG_ENABLE_OBJC_WEAK = YES;
				CLANG_WARN_BLOCK_CAPTURE_AUTORELEASING = YES;
				CLANG_WARN_BOOL_CONVERSION = YES;
				CLANG_WARN_COMMA = YES;
				CLANG_WARN_CONSTANT_CONVERSION = YES;
				CLANG_WARN_DEPRECATED_OBJC_IMPLEMENTATIONS = YES;
				CLANG_WARN_DIRECT_OBJC_ISA_USAGE = YES_ERROR;
				CLANG_WARN_DOCUMENTATION_COMMENTS = YES;
				CLANG_WARN_EMPTY_BODY = YES;
				CLANG_WARN_ENUM_CONVERSION = YES;
				CLANG_WARN_INFINITE_RECURSION = YES;
				CLANG_WARN_INT_CONVERSION = YES;
				CLANG_WARN_NON_LITERAL_NULL_CONVERSION = YES;
				CLANG_WARN_OBJC_IMPLICIT_RETAIN_SELF = YES;
				CLANG_WARN_OBJC_LITERAL_CONVERSION = YES;
				CLANG_WARN_OBJC_ROOT_CLASS = YES_ERROR;
				CLANG_WARN_QUOTED_INCLUDE_IN_FRAMEWORK_HEADER = YES;
				CLANG_WARN_RANGE_LOOP_ANALYSIS = YES;
				CLANG_WARN_STRICT_PROTOTYPES = YES;
				CLANG_WARN_SUSPICIOUS_MOVE = YES;
				CLANG_WARN_UNGUARDED_AVAILABILITY = YES_AGGRESSIVE;
				CLANG_WARN_UNREACHABLE_CODE = YES;
				CLANG_WARN__DUPLICATE_METHOD_MATCH = YES;
				COPY_PHASE_STRIP = NO;
				DEBUG_INFORMATION_FORMAT = "dwarf-with-dsym";
				ENABLE_NS_ASSERTIONS = NO;
				ENABLE_STRICT_OBJC_MSGSEND = YES;
				GCC_C_LANGUAGE_STANDARD = gnu11;
				GCC_NO_COMMON_BLOCKS = YES;
				GCC_WARN_64_TO_32_BIT_CONVERSION = YES;
				GCC_WARN_ABOUT_RETURN_TYPE = YES_ERROR;
				GCC_WARN_UNDECLARED_SELECTOR = YES;
				GCC_WARN_UNINITIALIZED_AUTOS = YES_AGGRESSIVE;
				GCC_WARN_UNUSED_FUNCTION = YES;
				GCC_WARN_UNUSED_VARIABLE = YES;
				IPHONEOS_DEPLOYMENT_TARGET = 14.5;
				MTL_ENABLE_DEBUG_INFO = NO;
				MTL_FAST_MATH = YES;
				SDKROOT = iphoneos;
				SWIFT_COMPILATION_MODE = wholemodule;
				SWIFT_OPTIMIZATION_LEVEL = "-O";
				VALIDATE_PRODUCT = YES;
			};
			name = Release;
		};
		38BEE3B02742D4D5008CBC77 /* Debug */ = {
			isa = XCBuildConfiguration;
			buildSettings = {
				ASSETCATALOG_COMPILER_APPICON_NAME = AppIcon;
				ASSETCATALOG_COMPILER_GLOBAL_ACCENT_COLOR_NAME = AccentColor;
				CODE_SIGN_STYLE = Automatic;
				DEVELOPMENT_TEAM = BJ67YHBYH8;
				INFOPLIST_FILE = iPhoneCalculatorRebuild3.0/Resources/Info.plist;
				LD_RUNPATH_SEARCH_PATHS = (
					"$(inherited)",
					"@executable_path/Frameworks",
				);
				PRODUCT_BUNDLE_IDENTIFIER = "alfredoDevelops.iPhoneCalculatorRebuild3-0";
				PRODUCT_NAME = "$(TARGET_NAME)";
				SWIFT_VERSION = 5.0;
				TARGETED_DEVICE_FAMILY = "1,2";
			};
			name = Debug;
		};
		38BEE3B12742D4D5008CBC77 /* Release */ = {
			isa = XCBuildConfiguration;
			buildSettings = {
				ASSETCATALOG_COMPILER_APPICON_NAME = AppIcon;
				ASSETCATALOG_COMPILER_GLOBAL_ACCENT_COLOR_NAME = AccentColor;
				CODE_SIGN_STYLE = Automatic;
				DEVELOPMENT_TEAM = BJ67YHBYH8;
				INFOPLIST_FILE = iPhoneCalculatorRebuild3.0/Resources/Info.plist;
				LD_RUNPATH_SEARCH_PATHS = (
					"$(inherited)",
					"@executable_path/Frameworks",
				);
				PRODUCT_BUNDLE_IDENTIFIER = "alfredoDevelops.iPhoneCalculatorRebuild3-0";
				PRODUCT_NAME = "$(TARGET_NAME)";
				SWIFT_VERSION = 5.0;
				TARGETED_DEVICE_FAMILY = "1,2";
			};
			name = Release;
		};
		38BEE3F82745DD8E008CBC77 /* Debug */ = {
			isa = XCBuildConfiguration;
			buildSettings = {
				BUNDLE_LOADER = "$(TEST_HOST)";
				CODE_SIGN_STYLE = Automatic;
				DEVELOPMENT_TEAM = BJ67YHBYH8;
				INFOPLIST_FILE = UnitTests/Info.plist;
				LD_RUNPATH_SEARCH_PATHS = (
					"$(inherited)",
					"@executable_path/Frameworks",
					"@loader_path/Frameworks",
				);
				PRODUCT_BUNDLE_IDENTIFIER = alfredoDevelops.UnitTests;
				PRODUCT_NAME = "$(TARGET_NAME)";
				SWIFT_VERSION = 5.0;
				TARGETED_DEVICE_FAMILY = "1,2";
				TEST_HOST = "$(BUILT_PRODUCTS_DIR)/iPhoneCalculatorRebuild3.0.app/iPhoneCalculatorRebuild3.0";
			};
			name = Debug;
		};
		38BEE3F92745DD8E008CBC77 /* Release */ = {
			isa = XCBuildConfiguration;
			buildSettings = {
				BUNDLE_LOADER = "$(TEST_HOST)";
				CODE_SIGN_STYLE = Automatic;
				DEVELOPMENT_TEAM = BJ67YHBYH8;
				INFOPLIST_FILE = UnitTests/Info.plist;
				LD_RUNPATH_SEARCH_PATHS = (
					"$(inherited)",
					"@executable_path/Frameworks",
					"@loader_path/Frameworks",
				);
				PRODUCT_BUNDLE_IDENTIFIER = alfredoDevelops.UnitTests;
				PRODUCT_NAME = "$(TARGET_NAME)";
				SWIFT_VERSION = 5.0;
				TARGETED_DEVICE_FAMILY = "1,2";
				TEST_HOST = "$(BUILT_PRODUCTS_DIR)/iPhoneCalculatorRebuild3.0.app/iPhoneCalculatorRebuild3.0";
			};
			name = Release;
		};
		38BEE4062745DDAF008CBC77 /* Debug */ = {
			isa = XCBuildConfiguration;
			buildSettings = {
				CODE_SIGN_STYLE = Automatic;
				DEVELOPMENT_TEAM = BJ67YHBYH8;
				INFOPLIST_FILE = UITests/Info.plist;
				LD_RUNPATH_SEARCH_PATHS = (
					"$(inherited)",
					"@executable_path/Frameworks",
					"@loader_path/Frameworks",
				);
				PRODUCT_BUNDLE_IDENTIFIER = alfredoDevelops.UITests;
				PRODUCT_NAME = "$(TARGET_NAME)";
				SWIFT_VERSION = 5.0;
				TARGETED_DEVICE_FAMILY = "1,2";
				TEST_TARGET_NAME = iPhoneCalculatorRebuild3.0;
			};
			name = Debug;
		};
		38BEE4072745DDAF008CBC77 /* Release */ = {
			isa = XCBuildConfiguration;
			buildSettings = {
				CODE_SIGN_STYLE = Automatic;
				DEVELOPMENT_TEAM = BJ67YHBYH8;
				INFOPLIST_FILE = UITests/Info.plist;
				LD_RUNPATH_SEARCH_PATHS = (
					"$(inherited)",
					"@executable_path/Frameworks",
					"@loader_path/Frameworks",
				);
				PRODUCT_BUNDLE_IDENTIFIER = alfredoDevelops.UITests;
				PRODUCT_NAME = "$(TARGET_NAME)";
				SWIFT_VERSION = 5.0;
				TARGETED_DEVICE_FAMILY = "1,2";
				TEST_TARGET_NAME = iPhoneCalculatorRebuild3.0;
			};
			name = Release;
		};
/* End XCBuildConfiguration section */

/* Begin XCConfigurationList section */
		38BEE3962742D4D2008CBC77 /* Build configuration list for PBXProject "iPhoneCalculatorRebuild3.0" */ = {
			isa = XCConfigurationList;
			buildConfigurations = (
				38BEE3AD2742D4D5008CBC77 /* Debug */,
				38BEE3AE2742D4D5008CBC77 /* Release */,
			);
			defaultConfigurationIsVisible = 0;
			defaultConfigurationName = Release;
		};
		38BEE3AF2742D4D5008CBC77 /* Build configuration list for PBXNativeTarget "iPhoneCalculatorRebuild3.0" */ = {
			isa = XCConfigurationList;
			buildConfigurations = (
				38BEE3B02742D4D5008CBC77 /* Debug */,
				38BEE3B12742D4D5008CBC77 /* Release */,
			);
			defaultConfigurationIsVisible = 0;
			defaultConfigurationName = Release;
		};
		38BEE3F72745DD8E008CBC77 /* Build configuration list for PBXNativeTarget "UnitTests" */ = {
			isa = XCConfigurationList;
			buildConfigurations = (
				38BEE3F82745DD8E008CBC77 /* Debug */,
				38BEE3F92745DD8E008CBC77 /* Release */,
			);
			defaultConfigurationIsVisible = 0;
			defaultConfigurationName = Release;
		};
		38BEE4052745DDAF008CBC77 /* Build configuration list for PBXNativeTarget "UITests" */ = {
			isa = XCConfigurationList;
			buildConfigurations = (
				38BEE4062745DDAF008CBC77 /* Debug */,
				38BEE4072745DDAF008CBC77 /* Release */,
			);
			defaultConfigurationIsVisible = 0;
			defaultConfigurationName = Release;
		};
/* End XCConfigurationList section */

/* Begin XCVersionGroup section */
		3802578C276FDF55001C190D /* CalculatorCoreDataModel.xcdatamodeld */ = {
			isa = XCVersionGroup;
			children = (
				3802578D276FDF55001C190D /* CalculatorCoreDataModel.xcdatamodel */,
			);
			currentVersion = 3802578D276FDF55001C190D /* CalculatorCoreDataModel.xcdatamodel */;
			path = CalculatorCoreDataModel.xcdatamodeld;
			sourceTree = "<group>";
			versionGroupType = wrapper.xcdatamodel;
		};
		3802578F276FDF77001C190D /* CalculatorUserColorThemeCoreDataModel.xcdatamodeld */ = {
			isa = XCVersionGroup;
			children = (
				38025790276FDF77001C190D /* CalculatorUserColorThemeCoreDataModel.xcdatamodel */,
			);
			currentVersion = 38025790276FDF77001C190D /* CalculatorUserColorThemeCoreDataModel.xcdatamodel */;
			path = CalculatorUserColorThemeCoreDataModel.xcdatamodeld;
			sourceTree = "<group>";
			versionGroupType = wrapper.xcdatamodel;
		};
/* End XCVersionGroup section */
	};
	rootObject = 38BEE3932742D4D2008CBC77 /* Project object */;
}
